
Microsoft Visual Studio Solution File, Format Version 12.00
# Visual Studio Version 17
VisualStudioVersion = 17.0.31903.59
MinimumVisualStudioVersion = 10.0.40219.1
Project("{9A19103F-16F7-4668-BE54-9A1E7A4F7556}") = "WebApi", "WebApi\WebApi.csproj", "{0EB451BC-C58D-410E-80FC-F71F5769743F}"
EndProject
Project("{9A19103F-16F7-4668-BE54-9A1E7A4F7556}") = "Entities", "Entities\Entities.csproj", "{2F7E7F0F-E1A0-4907-B2D4-5FF689C34AED}"
EndProject
Project("{9A19103F-16F7-4668-BE54-9A1E7A4F7556}") = "Repositories", "Repositories\Repositories.csproj", "{95B8C68C-2D08-4378-8AA3-527D947DF744}"
EndProject
Project("{FAE04EC0-301F-11D3-BF4B-00C04F79EFBC}") = "Services", "Services\Services.csproj", "{6F35BB01-3264-429F-88D9-2787ACB629F9}"
EndProject
Project("{FAE04EC0-301F-11D3-BF4B-00C04F79EFBC}") = "Presentation", "Presentation\Presentation.csproj", "{CF270B40-653A-442C-9ACB-B9FBB1511C62}"
EndProject
Global
	GlobalSection(SolutionConfigurationPlatforms) = preSolution
		Debug|Any CPU = Debug|Any CPU
		Release|Any CPU = Release|Any CPU
	EndGlobalSection
	GlobalSection(ProjectConfigurationPlatforms) = postSolution
		{0EB451BC-C58D-410E-80FC-F71F5769743F}.Debug|Any CPU.ActiveCfg = Debug|Any CPU
		{0EB451BC-C58D-410E-80FC-F71F5769743F}.Debug|Any CPU.Build.0 = Debug|Any CPU
		{0EB451BC-C58D-410E-80FC-F71F5769743F}.Release|Any CPU.ActiveCfg = Release|Any CPU
		{0EB451BC-C58D-410E-80FC-F71F5769743F}.Release|Any CPU.Build.0 = Release|Any CPU
		{2F7E7F0F-E1A0-4907-B2D4-5FF689C34AED}.Debug|Any CPU.ActiveCfg = Debug|Any CPU
		{2F7E7F0F-E1A0-4907-B2D4-5FF689C34AED}.Debug|Any CPU.Build.0 = Debug|Any CPU
		{2F7E7F0F-E1A0-4907-B2D4-5FF689C34AED}.Release|Any CPU.ActiveCfg = Release|Any CPU
		{2F7E7F0F-E1A0-4907-B2D4-5FF689C34AED}.Release|Any CPU.Build.0 = Release|Any CPU
		{95B8C68C-2D08-4378-8AA3-527D947DF744}.Debug|Any CPU.ActiveCfg = Debug|Any CPU
		{95B8C68C-2D08-4378-8AA3-527D947DF744}.Debug|Any CPU.Build.0 = Debug|Any CPU
		{95B8C68C-2D08-4378-8AA3-527D947DF744}.Release|Any CPU.ActiveCfg = Release|Any CPU
		{95B8C68C-2D08-4378-8AA3-527D947DF744}.Release|Any CPU.Build.0 = Release|Any CPU
		{6F35BB01-3264-429F-88D9-2787ACB629F9}.Debug|Any CPU.ActiveCfg = Debug|Any CPU
		{6F35BB01-3264-429F-88D9-2787ACB629F9}.Debug|Any CPU.Build.0 = Debug|Any CPU
		{6F35BB01-3264-429F-88D9-2787ACB629F9}.Release|Any CPU.ActiveCfg = Release|Any CPU
		{6F35BB01-3264-429F-88D9-2787ACB629F9}.Release|Any CPU.Build.0 = Release|Any CPU
		{CF270B40-653A-442C-9ACB-B9FBB1511C62}.Debug|Any CPU.ActiveCfg = Debug|Any CPU
		{CF270B40-653A-442C-9ACB-B9FBB1511C62}.Debug|Any CPU.Build.0 = Debug|Any CPU
		{CF270B40-653A-442C-9ACB-B9FBB1511C62}.Release|Any CPU.ActiveCfg = Release|Any CPU
		{CF270B40-653A-442C-9ACB-B9FBB1511C62}.Release|Any CPU.Build.0 = Release|Any CPU
	EndGlobalSection
	GlobalSection(SolutionProperties) = preSolution
		HideSolutionNode = FALSE
	EndGlobalSection
	GlobalSection(ExtensibilityGlobals) = postSolution
		SolutionGuid = {2FE7E301-4ED2-46ED-8802-C78081C55314}
	EndGlobalSection
EndGlobal
